
Microsoft Visual Studio Solution File, Format Version 12.00
# Visual Studio Version 17
VisualStudioVersion = 17.8.34330.188
MinimumVisualStudioVersion = 10.0.40219.1
Project("{FAE04EC0-301F-11D3-BF4B-00C04F79EFBC}") = "AwesomeDevEvents.API", "AwesomeDevEvents.API\AwesomeDevEvents.API.csproj", "{7F6DA183-9171-431E-AE47-4F5E3DF9C040}"
EndProject
Global
	GlobalSection(SolutionConfigurationPlatforms) = preSolution
		Debug|Any CPU = Debug|Any CPU
		Release|Any CPU = Release|Any CPU
	EndGlobalSection
	GlobalSection(ProjectConfigurationPlatforms) = postSolution
		{7F6DA183-9171-431E-AE47-4F5E3DF9C040}.Debug|Any CPU.ActiveCfg = Debug|Any CPU
		{7F6DA183-9171-431E-AE47-4F5E3DF9C040}.Debug|Any CPU.Build.0 = Debug|Any CPU
		{7F6DA183-9171-431E-AE47-4F5E3DF9C040}.Release|Any CPU.ActiveCfg = Release|Any CPU
		{7F6DA183-9171-431E-AE47-4F5E3DF9C040}.Release|Any CPU.Build.0 = Release|Any CPU
	EndGlobalSection
	GlobalSection(SolutionProperties) = preSolution
		HideSolutionNode = FALSE
	EndGlobalSection
	GlobalSection(ExtensibilityGlobals) = postSolution
		SolutionGuid = {74B07BE9-F6B1-4BE7-963C-5F8BB0E55A8E}
	EndGlobalSection
EndGlobal
